
Microsoft Visual Studio Solution File, Format Version 12.00
# Visual Studio Version 17
VisualStudioVersion = 17.5.33516.290
MinimumVisualStudioVersion = 10.0.40219.1
Project("{FAE04EC0-301F-11D3-BF4B-00C04F79EFBC}") = "Crud", "Crud\Crud.csproj", "{6A41EB81-2E8F-4317-B830-05F48D28CB76}"
EndProject
Global
	GlobalSection(SolutionConfigurationPlatforms) = preSolution
		Debug|Any CPU = Debug|Any CPU
		Release|Any CPU = Release|Any CPU
	EndGlobalSection
	GlobalSection(ProjectConfigurationPlatforms) = postSolution
		{6A41EB81-2E8F-4317-B830-05F48D28CB76}.Debug|Any CPU.ActiveCfg = Debug|Any CPU
		{6A41EB81-2E8F-4317-B830-05F48D28CB76}.Debug|Any CPU.Build.0 = Debug|Any CPU
		{6A41EB81-2E8F-4317-B830-05F48D28CB76}.Release|Any CPU.ActiveCfg = Release|Any CPU
		{6A41EB81-2E8F-4317-B830-05F48D28CB76}.Release|Any CPU.Build.0 = Release|Any CPU
	EndGlobalSection
	GlobalSection(SolutionProperties) = preSolution
		HideSolutionNode = FALSE
	EndGlobalSection
	GlobalSection(ExtensibilityGlobals) = postSolution
		SolutionGuid = {2FEC8B1A-D57B-4F55-8468-1EB7E03236B8}
	EndGlobalSection
EndGlobal
